
Microsoft Visual Studio Solution File, Format Version 12.00
# Visual Studio Version 16
VisualStudioVersion = 16.0.31410.357
MinimumVisualStudioVersion = 10.0.40219.1
Project("{9A19103F-16F7-4668-BE54-9A1E7A4F7556}") = "ExtensionMethods", "ExtensionMethods\ExtensionMethods.csproj", "{B23CBDEC-E2AC-45C8-A578-F5E396F2B259}"
EndProject
Project("{FAE04EC0-301F-11D3-BF4B-00C04F79EFBC}") = "LINQ", "LINQ\LINQ.csproj", "{C593742F-2DFE-4F17-8E18-63C5477268A1}"
EndProject
Global
	GlobalSection(SolutionConfigurationPlatforms) = preSolution
		Debug|Any CPU = Debug|Any CPU
		Release|Any CPU = Release|Any CPU
	EndGlobalSection
	GlobalSection(ProjectConfigurationPlatforms) = postSolution
		{B23CBDEC-E2AC-45C8-A578-F5E396F2B259}.Debug|Any CPU.ActiveCfg = Debug|Any CPU
		{B23CBDEC-E2AC-45C8-A578-F5E396F2B259}.Debug|Any CPU.Build.0 = Debug|Any CPU
		{B23CBDEC-E2AC-45C8-A578-F5E396F2B259}.Release|Any CPU.ActiveCfg = Release|Any CPU
		{B23CBDEC-E2AC-45C8-A578-F5E396F2B259}.Release|Any CPU.Build.0 = Release|Any CPU
		{C593742F-2DFE-4F17-8E18-63C5477268A1}.Debug|Any CPU.ActiveCfg = Debug|Any CPU
		{C593742F-2DFE-4F17-8E18-63C5477268A1}.Debug|Any CPU.Build.0 = Debug|Any CPU
		{C593742F-2DFE-4F17-8E18-63C5477268A1}.Release|Any CPU.ActiveCfg = Release|Any CPU
		{C593742F-2DFE-4F17-8E18-63C5477268A1}.Release|Any CPU.Build.0 = Release|Any CPU
	EndGlobalSection
	GlobalSection(SolutionProperties) = preSolution
		HideSolutionNode = FALSE
	EndGlobalSection
	GlobalSection(ExtensibilityGlobals) = postSolution
		SolutionGuid = {082F1D7C-50AF-4E03-8B9F-75BB22CA95F2}
	EndGlobalSection
EndGlobal
